
Microsoft Visual Studio Solution File, Format Version 12.00
# Visual Studio Version 16
VisualStudioVersion = 16.0.30225.117
MinimumVisualStudioVersion = 10.0.40219.1
Project("{FAE04EC0-301F-11D3-BF4B-00C04F79EFBC}") = "FirewallApp", "FirewallApp\FirewallApp.csproj", "{2A6DE3B8-241D-4BA1-ADB0-B957AFD5DE08}"
EndProject
Project("{FAE04EC0-301F-11D3-BF4B-00C04F79EFBC}") = "FirewallUtils", "FirewallUtils\FirewallUtils.csproj", "{651DCE64-D602-482D-BF82-F2056E089DF5}"
EndProject
Global
	GlobalSection(SolutionConfigurationPlatforms) = preSolution
		Debug|Any CPU = Debug|Any CPU
		Release|Any CPU = Release|Any CPU
	EndGlobalSection
	GlobalSection(ProjectConfigurationPlatforms) = postSolution
		{2A6DE3B8-241D-4BA1-ADB0-B957AFD5DE08}.Debug|Any CPU.ActiveCfg = Debug|Any CPU
		{2A6DE3B8-241D-4BA1-ADB0-B957AFD5DE08}.Debug|Any CPU.Build.0 = Debug|Any CPU
		{2A6DE3B8-241D-4BA1-ADB0-B957AFD5DE08}.Release|Any CPU.ActiveCfg = Release|Any CPU
		{2A6DE3B8-241D-4BA1-ADB0-B957AFD5DE08}.Release|Any CPU.Build.0 = Release|Any CPU
		{651DCE64-D602-482D-BF82-F2056E089DF5}.Debug|Any CPU.ActiveCfg = Debug|Any CPU
		{651DCE64-D602-482D-BF82-F2056E089DF5}.Debug|Any CPU.Build.0 = Debug|Any CPU
		{651DCE64-D602-482D-BF82-F2056E089DF5}.Release|Any CPU.ActiveCfg = Release|Any CPU
		{651DCE64-D602-482D-BF82-F2056E089DF5}.Release|Any CPU.Build.0 = Release|Any CPU
	EndGlobalSection
	GlobalSection(SolutionProperties) = preSolution
		HideSolutionNode = FALSE
	EndGlobalSection
	GlobalSection(ExtensibilityGlobals) = postSolution
		SolutionGuid = {192C19C5-A75C-4A50-98E2-A12B84C3604F}
	EndGlobalSection
EndGlobal
